
Microsoft Visual Studio Solution File, Format Version 12.00
# Visual Studio Version 17
VisualStudioVersion = 17.2.32630.192
MinimumVisualStudioVersion = 10.0.40219.1
Project("{FAE04EC0-301F-11D3-BF4B-00C04F79EFBC}") = "GuessingGame", "GuessingGame\GuessingGame.csproj", "{8053CC85-067F-46F6-A130-177512D299CC}"
EndProject
Global
	GlobalSection(SolutionConfigurationPlatforms) = preSolution
		Debug|Any CPU = Debug|Any CPU
		Release|Any CPU = Release|Any CPU
	EndGlobalSection
	GlobalSection(ProjectConfigurationPlatforms) = postSolution
		{8053CC85-067F-46F6-A130-177512D299CC}.Debug|Any CPU.ActiveCfg = Debug|Any CPU
		{8053CC85-067F-46F6-A130-177512D299CC}.Debug|Any CPU.Build.0 = Debug|Any CPU
		{8053CC85-067F-46F6-A130-177512D299CC}.Release|Any CPU.ActiveCfg = Release|Any CPU
		{8053CC85-067F-46F6-A130-177512D299CC}.Release|Any CPU.Build.0 = Release|Any CPU
	EndGlobalSection
	GlobalSection(SolutionProperties) = preSolution
		HideSolutionNode = FALSE
	EndGlobalSection
	GlobalSection(ExtensibilityGlobals) = postSolution
		SolutionGuid = {A043ABBF-87AB-4737-A818-121D1DDC9A23}
	EndGlobalSection
EndGlobal
